lockfileVersion: '9.0'

settings:
  autoInstallPeers: true
  excludeLinksFromLockfile: false

importers:

  .:
    dependencies:
      top-user-agents:
        specifier: 2.1.68
        version: 2.1.68

packages:

  top-user-agents@2.1.68:
    resolution: {integrity: sha512-9kFgGdu4YGbZ/mmymH2zICv1M/u+qhoyl00D6mciRnLD8BRJodpuZ4ih+dUJbiSZxbVnhMDTT8+mhb3rpEHZIA==}

snapshots:

  top-user-agents@2.1.68: {}
